// !$*UTF8*$!
{
	archiveVersion = 1;
	classes = {
	};
	objectVersion = 48;
	objects = {

/* Begin PBXBuildFile section */
		9E2FA7402056DA8D00EAF503 /* CentralCollectionViewCell.swift in Sources */ = {isa = PBXBuildFile; fileRef = 9E2FA73F2056DA8D00EAF503 /* CentralCollectionViewCell.swift */; };
		9E355BC62053FA6C00A1427D /* PeripheralBLEController.swift in Sources */ = {isa = PBXBuildFile; fileRef = 9E355BC52053FA6C00A1427D /* PeripheralBLEController.swift */; };
		9E355BC82054445E00A1427D /* PeripheralViewInputAccessory.swift in Sources */ = {isa = PBXBuildFile; fileRef = 9E355BC72054445E00A1427D /* PeripheralViewInputAccessory.swift */; };
		9E355BCA20544D5E00A1427D /* PeripheralViewTextView.swift in Sources */ = {isa = PBXBuildFile; fileRef = 9E355BC920544D5E00A1427D /* PeripheralViewTextView.swift */; };
		9E3CFCBA2052901800A12602 /* AppDelegate.swift in Sources */ = {isa = PBXBuildFile; fileRef = 9E3CFCB92052901800A12602 /* AppDelegate.swift */; };
		9E3CFCBF2052901800A12602 /* Main.storyboard in Resources */ = {isa = PBXBuildFile; fileRef = 9E3CFCBD2052901800A12602 /* Main.storyboard */; };
		9E3CFCC12052901800A12602 /* Assets.xcassets in Resources */ = {isa = PBXBuildFile; fileRef = 9E3CFCC02052901800A12602 /* Assets.xcassets */; };
		9E3CFCC42052901800A12602 /* LaunchScreen.storyboard in Resources */ = {isa = PBXBuildFile; fileRef = 9E3CFCC22052901800A12602 /* LaunchScreen.storyboard */; };
		9E3CFCCD2052913700A12602 /* MainTabBarViewController.swift in Sources */ = {isa = PBXBuildFile; fileRef = 9E3CFCCC2052913700A12602 /* MainTabBarViewController.swift */; };
		9E3CFCCF205292D500A12602 /* CentralCollectionViewController.swift in Sources */ = {isa = PBXBuildFile; fileRef = 9E3CFCCE205292D500A12602 /* CentralCollectionViewController.swift */; };
		9E3CFCDC20529DED00A12602 /* Extension.swift in Sources */ = {isa = PBXBuildFile; fileRef = 9E3CFCDB20529DED00A12602 /* Extension.swift */; };
		9E3CFCE22052B30B00A12602 /* CentralBLEController.swift in Sources */ = {isa = PBXBuildFile; fileRef = 9E3CFCE12052B30B00A12602 /* CentralBLEController.swift */; };
		9E3CFCE42052B57800A12602 /* SetupData.swift in Sources */ = {isa = PBXBuildFile; fileRef = 9E3CFCE32052B57800A12602 /* SetupData.swift */; };
		9E3CFCE82052F24100A12602 /* BaseView.swift in Sources */ = {isa = PBXBuildFile; fileRef = 9E3CFCE72052F24100A12602 /* BaseView.swift */; };
		9E642ADB2055AF6600625551 /* PeripheralCollectionViewController.swift in Sources */ = {isa = PBXBuildFile; fileRef = 9E642ADA2055AF6600625551 /* PeripheralCollectionViewController.swift */; };
		9E642ADD2055B69D00625551 /* PeripheralCollectionViewCell.swift in Sources */ = {isa = PBXBuildFile; fileRef = 9E642ADC2055B69D00625551 /* PeripheralCollectionViewCell.swift */; };
		9E642ADF2055B6E800625551 /* BaseCell.swift in Sources */ = {isa = PBXBuildFile; fileRef = 9E642ADE2055B6E800625551 /* BaseCell.swift */; };
		9E642AE12055B9E600625551 /* Post.swift in Sources */ = {isa = PBXBuildFile; fileRef = 9E642AE02055B9E600625551 /* Post.swift */; };
/* End PBXBuildFile section */

/* Begin PBXFileReference section */
		9E2FA73F2056DA8D00EAF503 /* CentralCollectionViewCell.swift */ = {isa = PBXFileReference; lastKnownFileType = sourcecode.swift; path = CentralCollectionViewCell.swift; sourceTree = "<group>"; };
		9E355BC52053FA6C00A1427D /* PeripheralBLEController.swift */ = {isa = PBXFileReference; lastKnownFileType = sourcecode.swift; path = PeripheralBLEController.swift; sourceTree = "<group>"; };
		9E355BC72054445E00A1427D /* PeripheralViewInputAccessory.swift */ = {isa = PBXFileReference; lastKnownFileType = sourcecode.swift; path = PeripheralViewInputAccessory.swift; sourceTree = "<group>"; };
		9E355BC920544D5E00A1427D /* PeripheralViewTextView.swift */ = {isa = PBXFileReference; lastKnownFileType = sourcecode.swift; path = PeripheralViewTextView.swift; sourceTree = "<group>"; };
		9E3CFCB62052901800A12602 /* TrainingBluetooth.app */ = {isa = PBXFileReference; explicitFileType = wrapper.application; includeInIndex = 0; path = TrainingBluetooth.app; sourceTree = BUILT_PRODUCTS_DIR; };
		9E3CFCB92052901800A12602 /* AppDelegate.swift */ = {isa = PBXFileReference; lastKnownFileType = sourcecode.swift; path = AppDelegate.swift; sourceTree = "<group>"; };
		9E3CFCBE2052901800A12602 /* Base */ = {isa = PBXFileReference; lastKnownFileType = file.storyboard; name = Base; path = Base.lproj/Main.storyboard; sourceTree = "<group>"; };
		9E3CFCC02052901800A12602 /* Assets.xcassets */ = {isa = PBXFileReference; lastKnownFileType = folder.assetcatalog; path = Assets.xcassets; sourceTree = "<group>"; };
		9E3CFCC32052901800A12602 /* Base */ = {isa = PBXFileReference; lastKnownFileType = file.storyboard; name = Base; path = Base.lproj/LaunchScreen.storyboard; sourceTree = "<group>"; };
		9E3CFCC52052901800A12602 /* Info.plist */ = {isa = PBXFileReference; lastKnownFileType = text.plist.xml; path = Info.plist; sourceTree = "<group>"; };
		9E3CFCCC2052913700A12602 /* MainTabBarViewController.swift */ = {isa = PBXFileReference; lastKnownFileType = sourcecode.swift; path = MainTabBarViewController.swift; sourceTree = "<group>"; };
		9E3CFCCE205292D500A12602 /* CentralCollectionViewController.swift */ = {isa = PBXFileReference; lastKnownFileType = sourcecode.swift; path = CentralCollectionViewController.swift; sourceTree = "<group>"; };
		9E3CFCDB20529DED00A12602 /* Extension.swift */ = {isa = PBXFileReference; lastKnownFileType = sourcecode.swift; path = Extension.swift; sourceTree = "<group>"; };
		9E3CFCE12052B30B00A12602 /* CentralBLEController.swift */ = {isa = PBXFileReference; lastKnownFileType = sourcecode.swift; path = CentralBLEController.swift; sourceTree = "<group>"; };
		9E3CFCE32052B57800A12602 /* SetupData.swift */ = {isa = PBXFileReference; lastKnownFileType = sourcecode.swift; path = SetupData.swift; sourceTree = "<group>"; };
		9E3CFCE72052F24100A12602 /* BaseView.swift */ = {isa = PBXFileReference; lastKnownFileType = sourcecode.swift; path = BaseView.swift; sourceTree = "<group>"; };
		9E642ADA2055AF6600625551 /* PeripheralCollectionViewController.swift */ = {isa = PBXFileReference; lastKnownFileType = sourcecode.swift; path = PeripheralCollectionViewController.swift; sourceTree = "<group>"; };
		9E642ADC2055B69D00625551 /* PeripheralCollectionViewCell.swift */ = {isa = PBXFileReference; lastKnownFileType = sourcecode.swift; path = PeripheralCollectionViewCell.swift; sourceTree = "<group>"; };
		9E642ADE2055B6E800625551 /* BaseCell.swift */ = {isa = PBXFileReference; lastKnownFileType = sourcecode.swift; path = "\U0010BaseCell.swift"; sourceTree = "<group>"; };
		9E642AE02055B9E600625551 /* Post.swift */ = {isa = PBXFileReference; lastKnownFileType = sourcecode.swift; path = Post.swift; sourceTree = "<group>"; };
/* End PBXFileReference section */

/* Begin PBXFrameworksBuildPhase section */
		9E3CFCB32052901800A12602 /* Frameworks */ = {
			isa = PBXFrameworksBuildPhase;
			buildActionMask = 2147483647;
			files = (
			);
			runOnlyForDeploymentPostprocessing = 0;
		};
/* End PBXFrameworksBuildPhase section */

/* Begin PBXGroup section */
		9E3CFCAD2052901800A12602 = {
			isa = PBXGroup;
			children = (
				9E3CFCB82052901800A12602 /* TrainingBluetooth */,
				9E3CFCB72052901800A12602 /* Products */,
			);
			sourceTree = "<group>";
		};
		9E3CFCB72052901800A12602 /* Products */ = {
			isa = PBXGroup;
			children = (
				9E3CFCB62052901800A12602 /* TrainingBluetooth.app */,
			);
			name = Products;
			sourceTree = "<group>";
		};
		9E3CFCB82052901800A12602 /* TrainingBluetooth */ = {
			isa = PBXGroup;
			children = (
				9E3CFCB92052901800A12602 /* AppDelegate.swift */,
				9E3CFCCC2052913700A12602 /* MainTabBarViewController.swift */,
				9E3CFCE32052B57800A12602 /* SetupData.swift */,
				9E642AE02055B9E600625551 /* Post.swift */,
				9E3CFCD52052954F00A12602 /* Central BLE */,
				9E3CFCD62052955900A12602 /* PeripheralBLE */,
				9E3CFCCB2052910000A12602 /* Supporting Files */,
				9E3CFCC52052901800A12602 /* Info.plist */,
			);
			path = TrainingBluetooth;
			sourceTree = "<group>";
		};
		9E3CFCCB2052910000A12602 /* Supporting Files */ = {
			isa = PBXGroup;
			children = (
				9E3CFCDB20529DED00A12602 /* Extension.swift */,
				9E3CFCE72052F24100A12602 /* BaseView.swift */,
				9E642ADE2055B6E800625551 /* BaseCell.swift */,
				9E3CFCBD2052901800A12602 /* Main.storyboard */,
				9E3CFCC02052901800A12602 /* Assets.xcassets */,
				9E3CFCC22052901800A12602 /* LaunchScreen.storyboard */,
			);
			path = "Supporting Files";
			sourceTree = "<group>";
		};
		9E3CFCD52052954F00A12602 /* Central BLE */ = {
			isa = PBXGroup;
			children = (
				9E3CFCCE205292D500A12602 /* CentralCollectionViewController.swift */,
				9E2FA73F2056DA8D00EAF503 /* CentralCollectionViewCell.swift */,
				9E3CFCE12052B30B00A12602 /* CentralBLEController.swift */,
			);
			path = "Central BLE";
			sourceTree = "<group>";
		};
		9E3CFCD62052955900A12602 /* PeripheralBLE */ = {
			isa = PBXGroup;
			children = (
				9E642ADA2055AF6600625551 /* PeripheralCollectionViewController.swift */,
				9E642ADC2055B69D00625551 /* PeripheralCollectionViewCell.swift */,
				9E355BC72054445E00A1427D /* PeripheralViewInputAccessory.swift */,
				9E355BC920544D5E00A1427D /* PeripheralViewTextView.swift */,
				9E355BC52053FA6C00A1427D /* PeripheralBLEController.swift */,
			);
			path = PeripheralBLE;
			sourceTree = "<group>";
		};
/* End PBXGroup section */

/* Begin PBXNativeTarget section */
		9E3CFCB52052901800A12602 /* TrainingBluetooth */ = {
			isa = PBXNativeTarget;
			buildConfigurationList = 9E3CFCC82052901800A12602 /* Build configuration list for PBXNativeTarget "TrainingBluetooth" */;
			buildPhases = (
				9E3CFCB22052901800A12602 /* Sources */,
				9E3CFCB32052901800A12602 /* Frameworks */,
				9E3CFCB42052901800A12602 /* Resources */,
			);
			buildRules = (
			);
			dependencies = (
			);
			name = TrainingBluetooth;
			productName = TrainingBluetooth;
			productReference = 9E3CFCB62052901800A12602 /* TrainingBluetooth.app */;
			productType = "com.apple.product-type.application";
		};
/* End PBXNativeTarget section */

/* Begin PBXProject section */
		9E3CFCAE2052901800A12602 /* Project object */ = {
			isa = PBXProject;
			attributes = {
				LastSwiftUpdateCheck = 0920;
				LastUpgradeCheck = 0920;
				ORGANIZATIONNAME = "Ivica Petrsoric";
				TargetAttributes = {
					9E3CFCB52052901800A12602 = {
						CreatedOnToolsVersion = 9.2;
						ProvisioningStyle = Automatic;
					};
				};
			};
			buildConfigurationList = 9E3CFCB12052901800A12602 /* Build configuration list for PBXProject "TrainingBluetooth" */;
			compatibilityVersion = "Xcode 8.0";
			developmentRegion = en;
			hasScannedForEncodings = 0;
			knownRegions = (
				en,
				Base,
			);
			mainGroup = 9E3CFCAD2052901800A12602;
			productRefGroup = 9E3CFCB72052901800A12602 /* Products */;
			projectDirPath = "";
			projectRoot = "";
			targets = (
				9E3CFCB52052901800A12602 /* TrainingBluetooth */,
			);
		};
/* End PBXProject section */

/* Begin PBXResourcesBuildPhase section */
		9E3CFCB42052901800A12602 /* Resources */ = {
			isa = PBXResourcesBuildPhase;
			buildActionMask = 2147483647;
			files = (
				9E3CFCC42052901800A12602 /* LaunchScreen.storyboard in Resources */,
				9E3CFCC12052901800A12602 /* Assets.xcassets in Resources */,
				9E3CFCBF2052901800A12602 /* Main.storyboard in Resources */,
			);
			runOnlyForDeploymentPostprocessing = 0;
		};
/* End PBXResourcesBuildPhase section */

/* Begin PBXSourcesBuildPhase section */
		9E3CFCB22052901800A12602 /* Sources */ = {
			isa = PBXSourcesBuildPhase;
			buildActionMask = 2147483647;
			files = (
				9E3CFCCD2052913700A12602 /* MainTabBarViewController.swift in Sources */,
				9E3CFCCF205292D500A12602 /* CentralCollectionViewController.swift in Sources */,
				9E3CFCE22052B30B00A12602 /* CentralBLEController.swift in Sources */,
				9E642AE12055B9E600625551 /* Post.swift in Sources */,
				9E355BC82054445E00A1427D /* PeripheralViewInputAccessory.swift in Sources */,
				9E642ADF2055B6E800625551 /* BaseCell.swift in Sources */,
				9E2FA7402056DA8D00EAF503 /* CentralCollectionViewCell.swift in Sources */,
				9E355BC62053FA6C00A1427D /* PeripheralBLEController.swift in Sources */,
				9E3CFCDC20529DED00A12602 /* Extension.swift in Sources */,
				9E642ADB2055AF6600625551 /* PeripheralCollectionViewController.swift in Sources */,
				9E3CFCBA2052901800A12602 /* AppDelegate.swift in Sources */,
				9E642ADD2055B69D00625551 /* PeripheralCollectionViewCell.swift in Sources */,
				9E3CFCE82052F24100A12602 /* BaseView.swift in Sources */,
				9E3CFCE42052B57800A12602 /* SetupData.swift in Sources */,
				9E355BCA20544D5E00A1427D /* PeripheralViewTextView.swift in Sources */,
			);
			runOnlyForDeploymentPostprocessing = 0;
		};
/* End PBXSourcesBuildPhase section */

/* Begin PBXVariantGroup section */
		9E3CFCBD2052901800A12602 /* Main.storyboard */ = {
			isa = PBXVariantGroup;
			children = (
				9E3CFCBE2052901800A12602 /* Base */,
			);
			name = Main.storyboard;
			sourceTree = "<group>";
		};
		9E3CFCC22052901800A12602 /* LaunchScreen.storyboard */ = {
			isa = PBXVariantGroup;
			children = (
				9E3CFCC32052901800A12602 /* Base */,
			);
			name = LaunchScreen.storyboard;
			sourceTree = "<group>";
		};
/* End PBXVariantGroup section */

/* Begin XCBuildConfiguration section */
		9E3CFCC62052901800A12602 /* Debug */ = {
			isa = XCBuildConfiguration;
			buildSettings = {
				ALWAYS_SEARCH_USER_PATHS = NO;
				CLANG_ANALYZER_NONNULL = YES;
				CLANG_ANALYZER_NUMBER_OBJECT_CONVERSION = YES_AGGRESSIVE;
				CLANG_CXX_LANGUAGE_STANDARD = "gnu++14";
				CLANG_CXX_LIBRARY = "libc++";
				CLANG_ENABLE_MODULES = YES;
				CLANG_ENABLE_OBJC_ARC = YES;
				CLANG_WARN_BLOCK_CAPTURE_AUTORELEASING = YES;
				CLANG_WARN_BOOL_CONVERSION = YES;
				CLANG_WARN_COMMA = YES;
				CLANG_WARN_CONSTANT_CONVERSION = YES;
				CLANG_WARN_DIRECT_OBJC_ISA_USAGE = YES_ERROR;
				CLANG_WARN_DOCUMENTATION_COMMENTS = YES;
				CLANG_WARN_EMPTY_BODY = YES;
				CLANG_WARN_ENUM_CONVERSION = YES;
				CLANG_WARN_INFINITE_RECURSION = YES;
				CLANG_WARN_INT_CONVERSION = YES;
				CLANG_WARN_NON_LITERAL_NULL_CONVERSION = YES;
				CLANG_WARN_OBJC_LITERAL_CONVERSION = YES;
				CLANG_WARN_OBJC_ROOT_CLASS = YES_ERROR;
				CLANG_WARN_RANGE_LOOP_ANALYSIS = YES;
				CLANG_WARN_STRICT_PROTOTYPES = YES;
				CLANG_WARN_SUSPICIOUS_MOVE = YES;
				CLANG_WARN_UNGUARDED_AVAILABILITY = YES_AGGRESSIVE;
				CLANG_WARN_UNREACHABLE_CODE = YES;
				CLANG_WARN__DUPLICATE_METHOD_MATCH = YES;
				CODE_SIGN_IDENTITY = "iPhone Developer";
				COPY_PHASE_STRIP = NO;
				DEBUG_INFORMATION_FORMAT = dwarf;
				ENABLE_STRICT_OBJC_MSGSEND = YES;
				ENABLE_TESTABILITY = YES;
				GCC_C_LANGUAGE_STANDARD = gnu11;
				GCC_DYNAMIC_NO_PIC = NO;
				GCC_NO_COMMON_BLOCKS = YES;
				GCC_OPTIMIZATION_LEVEL = 0;
				GCC_PREPROCESSOR_DEFINITIONS = (
					"DEBUG=1",
					"$(inherited)",
				);
				GCC_WARN_64_TO_32_BIT_CONVERSION = YES;
				GCC_WARN_ABOUT_RETURN_TYPE = YES_ERROR;
				GCC_WARN_UNDECLARED_SELECTOR = YES;
				GCC_WARN_UNINITIALIZED_AUTOS = YES_AGGRESSIVE;
				GCC_WARN_UNUSED_FUNCTION = YES;
				GCC_WARN_UNUSED_VARIABLE = YES;
				IPHONEOS_DEPLOYMENT_TARGET = 11.2;
				MTL_ENABLE_DEBUG_INFO = YES;
				ONLY_ACTIVE_ARCH = YES;
				SDKROOT = iphoneos;
				SWIFT_ACTIVE_COMPILATION_CONDITIONS = DEBUG;
				SWIFT_OPTIMIZATION_LEVEL = "-Onone";
			};
			name = Debug;
		};
		9E3CFCC72052901800A12602 /* Release */ = {
			isa = XCBuildConfiguration;
			buildSettings = {
				ALWAYS_SEARCH_USER_PATHS = NO;
				CLANG_ANALYZER_NONNULL = YES;
				CLANG_ANALYZER_NUMBER_OBJECT_CONVERSION = YES_AGGRESSIVE;
				CLANG_CXX_LANGUAGE_STANDARD = "gnu++14";
				CLANG_CXX_LIBRARY = "libc++";
				CLANG_ENABLE_MODULES = YES;
				CLANG_ENABLE_OBJC_ARC = YES;
				CLANG_WARN_BLOCK_CAPTURE_AUTORELEASING = YES;
				CLANG_WARN_BOOL_CONVERSION = YES;
				CLANG_WARN_COMMA = YES;
				CLANG_WARN_CONSTANT_CONVERSION = YES;
				CLANG_WARN_DIRECT_OBJC_ISA_USAGE = YES_ERROR;
				CLANG_WARN_DOCUMENTATION_COMMENTS = YES;
				CLANG_WARN_EMPTY_BODY = YES;
				CLANG_WARN_ENUM_CONVERSION = YES;
				CLANG_WARN_INFINITE_RECURSION = YES;
				CLANG_WARN_INT_CONVERSION = YES;
				CLANG_WARN_NON_LITERAL_NULL_CONVERSION = YES;
				CLANG_WARN_OBJC_LITERAL_CONVERSION = YES;
				CLANG_WARN_OBJC_ROOT_CLASS = YES_ERROR;
				CLANG_WARN_RANGE_LOOP_ANALYSIS = YES;
				CLANG_WARN_STRICT_PROTOTYPES = YES;
				CLANG_WARN_SUSPICIOUS_MOVE = YES;
				CLANG_WARN_UNGUARDED_AVAILABILITY = YES_AGGRESSIVE;
				CLANG_WARN_UNREACHABLE_CODE = YES;
				CLANG_WARN__DUPLICATE_METHOD_MATCH = YES;
				CODE_SIGN_IDENTITY = "iPhone Developer";
				COPY_PHASE_STRIP = NO;
				DEBUG_INFORMATION_FORMAT = "dwarf-with-dsym";
				ENABLE_NS_ASSERTIONS = NO;
				ENABLE_STRICT_OBJC_MSGSEND = YES;
				GCC_C_LANGUAGE_STANDARD = gnu11;
				GCC_NO_COMMON_BLOCKS = YES;
				GCC_WARN_64_TO_32_BIT_CONVERSION = YES;
				GCC_WARN_ABOUT_RETURN_TYPE = YES_ERROR;
				GCC_WARN_UNDECLARED_SELECTOR = YES;
				GCC_WARN_UNINITIALIZED_AUTOS = YES_AGGRESSIVE;
				GCC_WARN_UNUSED_FUNCTION = YES;
				GCC_WARN_UNUSED_VARIABLE = YES;
				IPHONEOS_DEPLOYMENT_TARGET = 11.2;
				MTL_ENABLE_DEBUG_INFO = NO;
				SDKROOT = iphoneos;
				SWIFT_OPTIMIZATION_LEVEL = "-Owholemodule";
				VALIDATE_PRODUCT = YES;
			};
			name = Release;
		};
		9E3CFCC92052901800A12602 /* Debug */ = {
			isa = XCBuildConfiguration;
			buildSettings = {
				ASSETCATALOG_COMPILER_APPICON_NAME = AppIcon;
				CODE_SIGN_STYLE = Automatic;
				DEVELOPMENT_TEAM = 74PDM76YJS;
				INFOPLIST_FILE = TrainingBluetooth/Info.plist;
				IPHONEOS_DEPLOYMENT_TARGET = 10.0;
				LD_RUNPATH_SEARCH_PATHS = "$(inherited) @executable_path/Frameworks";
				PRODUCT_BUNDLE_IDENTIFIER = com.IvicaPetrsoric.TrainingBluetooth;
				PRODUCT_NAME = "$(TARGET_NAME)";
				SWIFT_VERSION = 4.0;
				TARGETED_DEVICE_FAMILY = "1,2";
			};
			name = Debug;
		};
		9E3CFCCA2052901800A12602 /* Release */ = {
			isa = XCBuildConfiguration;
			buildSettings = {
				ASSETCATALOG_COMPILER_APPICON_NAME = AppIcon;
				CODE_SIGN_STYLE = Automatic;
				DEVELOPMENT_TEAM = 74PDM76YJS;
				INFOPLIST_FILE = TrainingBluetooth/Info.plist;
				IPHONEOS_DEPLOYMENT_TARGET = 10.0;
				LD_RUNPATH_SEARCH_PATHS = "$(inherited) @executable_path/Frameworks";
				PRODUCT_BUNDLE_IDENTIFIER = com.IvicaPetrsoric.TrainingBluetooth;
				PRODUCT_NAME = "$(TARGET_NAME)";
				SWIFT_VERSION = 4.0;
				TARGETED_DEVICE_FAMILY = "1,2";
			};
			name = Release;
		};
/* End XCBuildConfiguration section */

/* Begin XCConfigurationList section */
		9E3CFCB12052901800A12602 /* Build configuration list for PBXProject "TrainingBluetooth" */ = {
			isa = XCConfigurationList;
			buildConfigurations = (
				9E3CFCC62052901800A12602 /* Debug */,
				9E3CFCC72052901800A12602 /* Release */,
			);
			defaultConfigurationIsVisible = 0;
			defaultConfigurationName = Release;
		};
		9E3CFCC82052901800A12602 /* Build configuration list for PBXNativeTarget "TrainingBluetooth" */ = {
			isa = XCConfigurationList;
			buildConfigurations = (
				9E3CFCC92052901800A12602 /* Debug */,
				9E3CFCCA2052901800A12602 /* Release */,
			);
			defaultConfigurationIsVisible = 0;
			defaultConfigurationName = Release;
		};
/* End XCConfigurationList section */
	};
	rootObject = 9E3CFCAE2052901800A12602 /* Project object */;
}
